
Microsoft Visual Studio Solution File, Format Version 12.00
# Visual Studio Version 16
VisualStudioVersion = 16.0.30320.27
MinimumVisualStudioVersion = 10.0.40219.1
Project("{FAE04EC0-301F-11D3-BF4B-00C04F79EFBC}") = "JsonValidator", "JsonValidator.csproj", "{A88933EC-42B1-4885-B787-6BFF0166A20C}"
EndProject
Global
	GlobalSection(SolutionConfigurationPlatforms) = preSolution
		Debug|Any CPU = Debug|Any CPU
		Release|Any CPU = Release|Any CPU
	EndGlobalSection
	GlobalSection(ProjectConfigurationPlatforms) = postSolution
		{A88933EC-42B1-4885-B787-6BFF0166A20C}.Debug|Any CPU.ActiveCfg = Debug|Any CPU
		{A88933EC-42B1-4885-B787-6BFF0166A20C}.Debug|Any CPU.Build.0 = Debug|Any CPU
		{A88933EC-42B1-4885-B787-6BFF0166A20C}.Release|Any CPU.ActiveCfg = Release|Any CPU
		{A88933EC-42B1-4885-B787-6BFF0166A20C}.Release|Any CPU.Build.0 = Release|Any CPU
	EndGlobalSection
	GlobalSection(SolutionProperties) = preSolution
		HideSolutionNode = FALSE
	EndGlobalSection
	GlobalSection(ExtensibilityGlobals) = postSolution
		SolutionGuid = {FF5B1057-9F51-4638-9CCF-5D149065558D}
	EndGlobalSection
EndGlobal
